
Microsoft Visual Studio Solution File, Format Version 12.00
# Visual Studio Version 16
VisualStudioVersion = 16.0.30406.217
MinimumVisualStudioVersion = 10.0.40219.1
Project("{FAE04EC0-301F-11D3-BF4B-00C04F79EFBC}") = "VendasConsole", "VendasConsole\VendasConsole.csproj", "{A361BC04-ED8C-4CD6-A102-76D68B589F1A}"
EndProject
Global
	GlobalSection(SolutionConfigurationPlatforms) = preSolution
		Debug|Any CPU = Debug|Any CPU
		Release|Any CPU = Release|Any CPU
	EndGlobalSection
	GlobalSection(ProjectConfigurationPlatforms) = postSolution
		{A361BC04-ED8C-4CD6-A102-76D68B589F1A}.Debug|Any CPU.ActiveCfg = Debug|Any CPU
		{A361BC04-ED8C-4CD6-A102-76D68B589F1A}.Debug|Any CPU.Build.0 = Debug|Any CPU
		{A361BC04-ED8C-4CD6-A102-76D68B589F1A}.Release|Any CPU.ActiveCfg = Release|Any CPU
		{A361BC04-ED8C-4CD6-A102-76D68B589F1A}.Release|Any CPU.Build.0 = Release|Any CPU
	EndGlobalSection
	GlobalSection(SolutionProperties) = preSolution
		HideSolutionNode = FALSE
	EndGlobalSection
	GlobalSection(ExtensibilityGlobals) = postSolution
		SolutionGuid = {92AF1FA7-2797-4590-B2A9-2B459B59CAFE}
	EndGlobalSection
EndGlobal
