
Microsoft Visual Studio Solution File, Format Version 12.00
# Visual Studio Version 16
VisualStudioVersion = 16.0.30320.27
MinimumVisualStudioVersion = 10.0.40219.1
Project("{9A19103F-16F7-4668-BE54-9A1E7A4F7556}") = "VendasConsole", "VendasConsole\VendasConsole.csproj", "{52B5E710-7479-4A4F-A21E-8F75B2795E72}"
EndProject
Project("{9A19103F-16F7-4668-BE54-9A1E7A4F7556}") = "BancoDados", "BancoDados\BancoDados.csproj", "{B55C025B-512D-434D-BF3B-9415FD1D65D8}"
EndProject
Project("{FAE04EC0-301F-11D3-BF4B-00C04F79EFBC}") = "VendasWPF", "VendasWPF\VendasWPF.csproj", "{F8974E2D-AA56-497B-A025-F940864BF037}"
EndProject
Global
	GlobalSection(SolutionConfigurationPlatforms) = preSolution
		Debug|Any CPU = Debug|Any CPU
		Release|Any CPU = Release|Any CPU
	EndGlobalSection
	GlobalSection(ProjectConfigurationPlatforms) = postSolution
		{52B5E710-7479-4A4F-A21E-8F75B2795E72}.Debug|Any CPU.ActiveCfg = Debug|Any CPU
		{52B5E710-7479-4A4F-A21E-8F75B2795E72}.Debug|Any CPU.Build.0 = Debug|Any CPU
		{52B5E710-7479-4A4F-A21E-8F75B2795E72}.Release|Any CPU.ActiveCfg = Release|Any CPU
		{52B5E710-7479-4A4F-A21E-8F75B2795E72}.Release|Any CPU.Build.0 = Release|Any CPU
		{B55C025B-512D-434D-BF3B-9415FD1D65D8}.Debug|Any CPU.ActiveCfg = Debug|Any CPU
		{B55C025B-512D-434D-BF3B-9415FD1D65D8}.Debug|Any CPU.Build.0 = Debug|Any CPU
		{B55C025B-512D-434D-BF3B-9415FD1D65D8}.Release|Any CPU.ActiveCfg = Release|Any CPU
		{B55C025B-512D-434D-BF3B-9415FD1D65D8}.Release|Any CPU.Build.0 = Release|Any CPU
		{F8974E2D-AA56-497B-A025-F940864BF037}.Debug|Any CPU.ActiveCfg = Debug|Any CPU
		{F8974E2D-AA56-497B-A025-F940864BF037}.Debug|Any CPU.Build.0 = Debug|Any CPU
		{F8974E2D-AA56-497B-A025-F940864BF037}.Release|Any CPU.ActiveCfg = Release|Any CPU
		{F8974E2D-AA56-497B-A025-F940864BF037}.Release|Any CPU.Build.0 = Release|Any CPU
	EndGlobalSection
	GlobalSection(SolutionProperties) = preSolution
		HideSolutionNode = FALSE
	EndGlobalSection
	GlobalSection(ExtensibilityGlobals) = postSolution
		SolutionGuid = {D3528D04-76F8-48BE-BD7F-BAE933DCA303}
	EndGlobalSection
EndGlobal
